
Microsoft Visual Studio Solution File, Format Version 12.00
# Visual Studio 15
VisualStudioVersion = 15.0.26430.14
MinimumVisualStudioVersion = 10.0.40219.1
Project("{FAE04EC0-301F-11D3-BF4B-00C04F79EFBC}") = "Domain", "Domain\Domain.csproj", "{A1B9F504-609E-4440-83F0-29C3DFA63303}"
EndProject
Project("{FAE04EC0-301F-11D3-BF4B-00C04F79EFBC}") = "WebUI", "WebUI\WebUI.csproj", "{DC84629D-513A-4DAE-A9AA-9BE2A55AA613}"
EndProject
Project("{FAE04EC0-301F-11D3-BF4B-00C04F79EFBC}") = "UnitTests", "UnitTests\UnitTests.csproj", "{081334D6-E4F0-4EE2-AF0C-C26EC556E72C}"
EndProject
Project("{FAE04EC0-301F-11D3-BF4B-00C04F79EFBC}") = "ConsoleUI", "ConsoleUI\ConsoleUI.csproj", "{3FA05B61-89A6-4069-B99E-5FCE5933B4CC}"
EndProject
Global
	GlobalSection(SolutionConfigurationPlatforms) = preSolution
		Debug|Any CPU = Debug|Any CPU
		Release|Any CPU = Release|Any CPU
	EndGlobalSection
	GlobalSection(ProjectConfigurationPlatforms) = postSolution
		{A1B9F504-609E-4440-83F0-29C3DFA63303}.Debug|Any CPU.ActiveCfg = Debug|Any CPU
		{A1B9F504-609E-4440-83F0-29C3DFA63303}.Debug|Any CPU.Build.0 = Debug|Any CPU
		{A1B9F504-609E-4440-83F0-29C3DFA63303}.Release|Any CPU.ActiveCfg = Release|Any CPU
		{A1B9F504-609E-4440-83F0-29C3DFA63303}.Release|Any CPU.Build.0 = Release|Any CPU
		{DC84629D-513A-4DAE-A9AA-9BE2A55AA613}.Debug|Any CPU.ActiveCfg = Debug|Any CPU
		{DC84629D-513A-4DAE-A9AA-9BE2A55AA613}.Debug|Any CPU.Build.0 = Debug|Any CPU
		{DC84629D-513A-4DAE-A9AA-9BE2A55AA613}.Release|Any CPU.ActiveCfg = Release|Any CPU
		{DC84629D-513A-4DAE-A9AA-9BE2A55AA613}.Release|Any CPU.Build.0 = Release|Any CPU
		{081334D6-E4F0-4EE2-AF0C-C26EC556E72C}.Debug|Any CPU.ActiveCfg = Debug|Any CPU
		{081334D6-E4F0-4EE2-AF0C-C26EC556E72C}.Debug|Any CPU.Build.0 = Debug|Any CPU
		{081334D6-E4F0-4EE2-AF0C-C26EC556E72C}.Release|Any CPU.ActiveCfg = Release|Any CPU
		{081334D6-E4F0-4EE2-AF0C-C26EC556E72C}.Release|Any CPU.Build.0 = Release|Any CPU
		{3FA05B61-89A6-4069-B99E-5FCE5933B4CC}.Debug|Any CPU.ActiveCfg = Debug|Any CPU
		{3FA05B61-89A6-4069-B99E-5FCE5933B4CC}.Debug|Any CPU.Build.0 = Debug|Any CPU
		{3FA05B61-89A6-4069-B99E-5FCE5933B4CC}.Release|Any CPU.ActiveCfg = Release|Any CPU
		{3FA05B61-89A6-4069-B99E-5FCE5933B4CC}.Release|Any CPU.Build.0 = Release|Any CPU
	EndGlobalSection
	GlobalSection(SolutionProperties) = preSolution
		HideSolutionNode = FALSE
	EndGlobalSection
EndGlobal
